// !$*UTF8*$!
{
	archiveVersion = 1;
	classes = {
	};
	objectVersion = 77;
	objects = {

/* Begin PBXBuildFile section */
		DBC234A42CECA0A5005795B4 /* ContentView.swift in Sources */ = {isa = PBXBuildFile; fileRef = DBC234A12CECA0A5005795B4 /* ContentView.swift */; };
		DBC234A52CECA0A5005795B4 /* GitHubUserSearchApp.swift in Sources */ = {isa = PBXBuildFile; fileRef = DBC234A22CECA0A5005795B4 /* GitHubUserSearchApp.swift */; };
		DBC234A62CECA0A5005795B4 /* Preview Assets.xcassets in Resources */ = {isa = PBXBuildFile; fileRef = DBC2349E2CECA0A5005795B4 /* Preview Assets.xcassets */; };
		DBC234A72CECA0A5005795B4 /* Assets.xcassets in Resources */ = {isa = PBXBuildFile; fileRef = DBC234A02CECA0A5005795B4 /* Assets.xcassets */; };
		DBC234AA2CECA0AB005795B4 /* GitHubUserSearchTests.swift in Sources */ = {isa = PBXBuildFile; fileRef = DBC234A82CECA0AB005795B4 /* GitHubUserSearchTests.swift */; };
		DBC234AE2CECA0AF005795B4 /* GitHubUserSearchUITests.swift in Sources */ = {isa = PBXBuildFile; fileRef = DBC234AB2CECA0AF005795B4 /* GitHubUserSearchUITests.swift */; };
		DBC234AF2CECA0AF005795B4 /* GitHubUserSearchUITestsLaunchTests.swift in Sources */ = {isa = PBXBuildFile; fileRef = DBC234AC2CECA0AF005795B4 /* GitHubUserSearchUITestsLaunchTests.swift */; };
		DBC234B32CECA18E005795B4 /* UserNameSearchView.swift in Sources */ = {isa = PBXBuildFile; fileRef = DBC234B22CECA18E005795B4 /* UserNameSearchView.swift */; };
		DBC234B72CECA22F005795B4 /* UserModel.swift in Sources */ = {isa = PBXBuildFile; fileRef = DBC234B62CECA22F005795B4 /* UserModel.swift */; };
		DBC234BB2CECA3B1005795B4 /* GitHubSearchViewModel.swift in Sources */ = {isa = PBXBuildFile; fileRef = DBC234BA2CECA3B1005795B4 /* GitHubSearchViewModel.swift */; };
		DBC234BE2CECA627005795B4 /* GitHubEndPoints.swift in Sources */ = {isa = PBXBuildFile; fileRef = DBC234BD2CECA627005795B4 /* GitHubEndPoints.swift */; };
		DBC234C12CECA9DF005795B4 /* API_Manager.swift in Sources */ = {isa = PBXBuildFile; fileRef = DBC234C02CECA9DF005795B4 /* API_Manager.swift */; };
		DBC234C32CECAA34005795B4 /* AppUrl.swift in Sources */ = {isa = PBXBuildFile; fileRef = DBC234C22CECAA34005795B4 /* AppUrl.swift */; };
		DBC234C52CECADCD005795B4 /* GenericResponse.swift in Sources */ = {isa = PBXBuildFile; fileRef = DBC234C42CECADCD005795B4 /* GenericResponse.swift */; };
		DBC234CA2CECC05F005795B4 /* CustomSearchTF.swift in Sources */ = {isa = PBXBuildFile; fileRef = DBC234C92CECC05F005795B4 /* CustomSearchTF.swift */; };
		DBC234CC2CECC235005795B4 /* AppButton.swift in Sources */ = {isa = PBXBuildFile; fileRef = DBC234CB2CECC235005795B4 /* AppButton.swift */; };
		DBC234CE2CECC452005795B4 /* UserDetailsView.swift in Sources */ = {isa = PBXBuildFile; fileRef = DBC234CD2CECC452005795B4 /* UserDetailsView.swift */; };
/* End PBXBuildFile section */

/* Begin PBXContainerItemProxy section */
		DBC234822CECA097005795B4 /* PBXContainerItemProxy */ = {
			isa = PBXContainerItemProxy;
			containerPortal = DBC234692CECA096005795B4 /* Project object */;
			proxyType = 1;
			remoteGlobalIDString = DBC234702CECA096005795B4;
			remoteInfo = GitHubUserSearch;
		};
		DBC2348C2CECA097005795B4 /* PBXContainerItemProxy */ = {
			isa = PBXContainerItemProxy;
			containerPortal = DBC234692CECA096005795B4 /* Project object */;
			proxyType = 1;
			remoteGlobalIDString = DBC234702CECA096005795B4;
			remoteInfo = GitHubUserSearch;
		};
/* End PBXContainerItemProxy section */

/* Begin PBXFileReference section */
		DBC234712CECA096005795B4 /* GitHubUserSearch.app */ = {isa = PBXFileReference; explicitFileType = wrapper.application; includeInIndex = 0; path = GitHubUserSearch.app; sourceTree = BUILT_PRODUCTS_DIR; };
		DBC234812CECA097005795B4 /* GitHubUserSearchTests.xctest */ = {isa = PBXFileReference; explicitFileType = wrapper.cfbundle; includeInIndex = 0; path = GitHubUserSearchTests.xctest; sourceTree = BUILT_PRODUCTS_DIR; };
		DBC2348B2CECA097005795B4 /* GitHubUserSearchUITests.xctest */ = {isa = PBXFileReference; explicitFileType = wrapper.cfbundle; includeInIndex = 0; path = GitHubUserSearchUITests.xctest; sourceTree = BUILT_PRODUCTS_DIR; };
		DBC2349E2CECA0A5005795B4 /* Preview Assets.xcassets */ = {isa = PBXFileReference; lastKnownFileType = folder.assetcatalog; path = "Preview Assets.xcassets"; sourceTree = "<group>"; };
		DBC234A02CECA0A5005795B4 /* Assets.xcassets */ = {isa = PBXFileReference; lastKnownFileType = folder.assetcatalog; path = Assets.xcassets; sourceTree = "<group>"; };
		DBC234A12CECA0A5005795B4 /* ContentView.swift */ = {isa = PBXFileReference; lastKnownFileType = sourcecode.swift; path = ContentView.swift; sourceTree = "<group>"; };
		DBC234A22CECA0A5005795B4 /* GitHubUserSearchApp.swift */ = {isa = PBXFileReference; lastKnownFileType = sourcecode.swift; path = GitHubUserSearchApp.swift; sourceTree = "<group>"; };
		DBC234A82CECA0AB005795B4 /* GitHubUserSearchTests.swift */ = {isa = PBXFileReference; lastKnownFileType = sourcecode.swift; path = GitHubUserSearchTests.swift; sourceTree = "<group>"; };
		DBC234AB2CECA0AF005795B4 /* GitHubUserSearchUITests.swift */ = {isa = PBXFileReference; lastKnownFileType = sourcecode.swift; path = GitHubUserSearchUITests.swift; sourceTree = "<group>"; };
		DBC234AC2CECA0AF005795B4 /* GitHubUserSearchUITestsLaunchTests.swift */ = {isa = PBXFileReference; lastKnownFileType = sourcecode.swift; path = GitHubUserSearchUITestsLaunchTests.swift; sourceTree = "<group>"; };
		DBC234B22CECA18E005795B4 /* UserNameSearchView.swift */ = {isa = PBXFileReference; lastKnownFileType = sourcecode.swift; path = UserNameSearchView.swift; sourceTree = "<group>"; };
		DBC234B62CECA22F005795B4 /* UserModel.swift */ = {isa = PBXFileReference; lastKnownFileType = sourcecode.swift; path = UserModel.swift; sourceTree = "<group>"; };
		DBC234BA2CECA3B1005795B4 /* GitHubSearchViewModel.swift */ = {isa = PBXFileReference; lastKnownFileType = sourcecode.swift; path = GitHubSearchViewModel.swift; sourceTree = "<group>"; };
		DBC234BD2CECA627005795B4 /* GitHubEndPoints.swift */ = {isa = PBXFileReference; lastKnownFileType = sourcecode.swift; path = GitHubEndPoints.swift; sourceTree = "<group>"; };
		DBC234C02CECA9DF005795B4 /* API_Manager.swift */ = {isa = PBXFileReference; lastKnownFileType = sourcecode.swift; path = API_Manager.swift; sourceTree = "<group>"; };
		DBC234C22CECAA34005795B4 /* AppUrl.swift */ = {isa = PBXFileReference; lastKnownFileType = sourcecode.swift; path = AppUrl.swift; sourceTree = "<group>"; };
		DBC234C42CECADCD005795B4 /* GenericResponse.swift */ = {isa = PBXFileReference; lastKnownFileType = sourcecode.swift; path = GenericResponse.swift; sourceTree = "<group>"; };
		DBC234C92CECC05F005795B4 /* CustomSearchTF.swift */ = {isa = PBXFileReference; lastKnownFileType = sourcecode.swift; path = CustomSearchTF.swift; sourceTree = "<group>"; };
		DBC234CB2CECC235005795B4 /* AppButton.swift */ = {isa = PBXFileReference; lastKnownFileType = sourcecode.swift; path = AppButton.swift; sourceTree = "<group>"; };
		DBC234CD2CECC452005795B4 /* UserDetailsView.swift */ = {isa = PBXFileReference; lastKnownFileType = sourcecode.swift; path = UserDetailsView.swift; sourceTree = "<group>"; };
/* End PBXFileReference section */

/* Begin PBXFrameworksBuildPhase section */
		DBC2346E2CECA096005795B4 /* Frameworks */ = {
			isa = PBXFrameworksBuildPhase;
			buildActionMask = 2147483647;
			files = (
			);
			runOnlyForDeploymentPostprocessing = 0;
		};
		DBC2347E2CECA097005795B4 /* Frameworks */ = {
			isa = PBXFrameworksBuildPhase;
			buildActionMask = 2147483647;
			files = (
			);
			runOnlyForDeploymentPostprocessing = 0;
		};
		DBC234882CECA097005795B4 /* Frameworks */ = {
			isa = PBXFrameworksBuildPhase;
			buildActionMask = 2147483647;
			files = (
			);
			runOnlyForDeploymentPostprocessing = 0;
		};
/* End PBXFrameworksBuildPhase section */

/* Begin PBXGroup section */
		DBC234682CECA096005795B4 = {
			isa = PBXGroup;
			children = (
				DBC234A32CECA0A5005795B4 /* GitHubUserSearch */,
				DBC234A92CECA0AB005795B4 /* GitHubUserSearchTests */,
				DBC234AD2CECA0AF005795B4 /* GitHubUserSearchUITests */,
				DBC234722CECA096005795B4 /* Products */,
			);
			sourceTree = "<group>";
		};
		DBC234722CECA096005795B4 /* Products */ = {
			isa = PBXGroup;
			children = (
				DBC234712CECA096005795B4 /* GitHubUserSearch.app */,
				DBC234812CECA097005795B4 /* GitHubUserSearchTests.xctest */,
				DBC2348B2CECA097005795B4 /* GitHubUserSearchUITests.xctest */,
			);
			name = Products;
			sourceTree = "<group>";
		};
		DBC2349F2CECA0A5005795B4 /* Preview Content */ = {
			isa = PBXGroup;
			children = (
				DBC2349E2CECA0A5005795B4 /* Preview Assets.xcassets */,
			);
			path = "Preview Content";
			sourceTree = "<group>";
		};
		DBC234A32CECA0A5005795B4 /* GitHubUserSearch */ = {
			isa = PBXGroup;
			children = (
				DBC234C82CECC041005795B4 /* CustomViews */,
				DBC234BF2CECA9CE005795B4 /* Manager */,
				DBC234BC2CECA603005795B4 /* EndPoints */,
				DBC234B52CECA1FD005795B4 /* Model */,
				DBC234B42CECA1EB005795B4 /* ViewModel */,
				DBC234B12CECA0D2005795B4 /* View */,
				DBC234B02CECA0BB005795B4 /* AppMain */,
				DBC2349F2CECA0A5005795B4 /* Preview Content */,
				DBC234A02CECA0A5005795B4 /* Assets.xcassets */,
			);
			path = GitHubUserSearch;
			sourceTree = "<group>";
		};
		DBC234A92CECA0AB005795B4 /* GitHubUserSearchTests */ = {
			isa = PBXGroup;
			children = (
				DBC234A82CECA0AB005795B4 /* GitHubUserSearchTests.swift */,
			);
			path = GitHubUserSearchTests;
			sourceTree = "<group>";
		};
		DBC234AD2CECA0AF005795B4 /* GitHubUserSearchUITests */ = {
			isa = PBXGroup;
			children = (
				DBC234AB2CECA0AF005795B4 /* GitHubUserSearchUITests.swift */,
				DBC234AC2CECA0AF005795B4 /* GitHubUserSearchUITestsLaunchTests.swift */,
			);
			path = GitHubUserSearchUITests;
			sourceTree = "<group>";
		};
		DBC234B02CECA0BB005795B4 /* AppMain */ = {
			isa = PBXGroup;
			children = (
				DBC234A12CECA0A5005795B4 /* ContentView.swift */,
				DBC234A22CECA0A5005795B4 /* GitHubUserSearchApp.swift */,
			);
			path = AppMain;
			sourceTree = "<group>";
		};
		DBC234B12CECA0D2005795B4 /* View */ = {
			isa = PBXGroup;
			children = (
				DBC234B22CECA18E005795B4 /* UserNameSearchView.swift */,
				DBC234CD2CECC452005795B4 /* UserDetailsView.swift */,
			);
			path = View;
			sourceTree = "<group>";
		};
		DBC234B42CECA1EB005795B4 /* ViewModel */ = {
			isa = PBXGroup;
			children = (
				DBC234BA2CECA3B1005795B4 /* GitHubSearchViewModel.swift */,
			);
			path = ViewModel;
			sourceTree = "<group>";
		};
		DBC234B52CECA1FD005795B4 /* Model */ = {
			isa = PBXGroup;
			children = (
				DBC234B62CECA22F005795B4 /* UserModel.swift */,
			);
			path = Model;
			sourceTree = "<group>";
		};
		DBC234BC2CECA603005795B4 /* EndPoints */ = {
			isa = PBXGroup;
			children = (
				DBC234BD2CECA627005795B4 /* GitHubEndPoints.swift */,
			);
			path = EndPoints;
			sourceTree = "<group>";
		};
		DBC234BF2CECA9CE005795B4 /* Manager */ = {
			isa = PBXGroup;
			children = (
				DBC234C02CECA9DF005795B4 /* API_Manager.swift */,
				DBC234C22CECAA34005795B4 /* AppUrl.swift */,
				DBC234C42CECADCD005795B4 /* GenericResponse.swift */,
			);
			path = Manager;
			sourceTree = "<group>";
		};
		DBC234C82CECC041005795B4 /* CustomViews */ = {
			isa = PBXGroup;
			children = (
				DBC234C92CECC05F005795B4 /* CustomSearchTF.swift */,
				DBC234CB2CECC235005795B4 /* AppButton.swift */,
			);
			path = CustomViews;
			sourceTree = "<group>";
		};
/* End PBXGroup section */

/* Begin PBXNativeTarget section */
		DBC234702CECA096005795B4 /* GitHubUserSearch */ = {
			isa = PBXNativeTarget;
			buildConfigurationList = DBC234952CECA097005795B4 /* Build configuration list for PBXNativeTarget "GitHubUserSearch" */;
			buildPhases = (
				DBC2346D2CECA096005795B4 /* Sources */,
				DBC2346E2CECA096005795B4 /* Frameworks */,
				DBC2346F2CECA096005795B4 /* Resources */,
			);
			buildRules = (
			);
			dependencies = (
			);
			name = GitHubUserSearch;
			packageProductDependencies = (
			);
			productName = GitHubUserSearch;
			productReference = DBC234712CECA096005795B4 /* GitHubUserSearch.app */;
			productType = "com.apple.product-type.application";
		};
		DBC234802CECA097005795B4 /* GitHubUserSearchTests */ = {
			isa = PBXNativeTarget;
			buildConfigurationList = DBC234982CECA097005795B4 /* Build configuration list for PBXNativeTarget "GitHubUserSearchTests" */;
			buildPhases = (
				DBC2347D2CECA097005795B4 /* Sources */,
				DBC2347E2CECA097005795B4 /* Frameworks */,
				DBC2347F2CECA097005795B4 /* Resources */,
			);
			buildRules = (
			);
			dependencies = (
				DBC234832CECA097005795B4 /* PBXTargetDependency */,
			);
			name = GitHubUserSearchTests;
			packageProductDependencies = (
			);
			productName = GitHubUserSearchTests;
			productReference = DBC234812CECA097005795B4 /* GitHubUserSearchTests.xctest */;
			productType = "com.apple.product-type.bundle.unit-test";
		};
		DBC2348A2CECA097005795B4 /* GitHubUserSearchUITests */ = {
			isa = PBXNativeTarget;
			buildConfigurationList = DBC2349B2CECA097005795B4 /* Build configuration list for PBXNativeTarget "GitHubUserSearchUITests" */;
			buildPhases = (
				DBC234872CECA097005795B4 /* Sources */,
				DBC234882CECA097005795B4 /* Frameworks */,
				DBC234892CECA097005795B4 /* Resources */,
			);
			buildRules = (
			);
			dependencies = (
				DBC2348D2CECA097005795B4 /* PBXTargetDependency */,
			);
			name = GitHubUserSearchUITests;
			packageProductDependencies = (
			);
			productName = GitHubUserSearchUITests;
			productReference = DBC2348B2CECA097005795B4 /* GitHubUserSearchUITests.xctest */;
			productType = "com.apple.product-type.bundle.ui-testing";
		};
/* End PBXNativeTarget section */

/* Begin PBXProject section */
		DBC234692CECA096005795B4 /* Project object */ = {
			isa = PBXProject;
			attributes = {
				BuildIndependentTargetsInParallel = 1;
				LastSwiftUpdateCheck = 1600;
				LastUpgradeCheck = 1600;
				TargetAttributes = {
					DBC234702CECA096005795B4 = {
						CreatedOnToolsVersion = 16.0;
					};
					DBC234802CECA097005795B4 = {
						CreatedOnToolsVersion = 16.0;
						TestTargetID = DBC234702CECA096005795B4;
					};
					DBC2348A2CECA097005795B4 = {
						CreatedOnToolsVersion = 16.0;
						TestTargetID = DBC234702CECA096005795B4;
					};
				};
			};
			buildConfigurationList = DBC2346C2CECA096005795B4 /* Build configuration list for PBXProject "GitHubUserSearch" */;
			developmentRegion = en;
			hasScannedForEncodings = 0;
			knownRegions = (
				en,
				Base,
			);
			mainGroup = DBC234682CECA096005795B4;
			minimizedProjectReferenceProxies = 1;
			preferredProjectObjectVersion = 77;
			productRefGroup = DBC234722CECA096005795B4 /* Products */;
			projectDirPath = "";
			projectRoot = "";
			targets = (
				DBC234702CECA096005795B4 /* GitHubUserSearch */,
				DBC234802CECA097005795B4 /* GitHubUserSearchTests */,
				DBC2348A2CECA097005795B4 /* GitHubUserSearchUITests */,
			);
		};
/* End PBXProject section */

/* Begin PBXResourcesBuildPhase section */
		DBC2346F2CECA096005795B4 /* Resources */ = {
			isa = PBXResourcesBuildPhase;
			buildActionMask = 2147483647;
			files = (
				DBC234A62CECA0A5005795B4 /* Preview Assets.xcassets in Resources */,
				DBC234A72CECA0A5005795B4 /* Assets.xcassets in Resources */,
			);
			runOnlyForDeploymentPostprocessing = 0;
		};
		DBC2347F2CECA097005795B4 /* Resources */ = {
			isa = PBXResourcesBuildPhase;
			buildActionMask = 2147483647;
			files = (
			);
			runOnlyForDeploymentPostprocessing = 0;
		};
		DBC234892CECA097005795B4 /* Resources */ = {
			isa = PBXResourcesBuildPhase;
			buildActionMask = 2147483647;
			files = (
			);
			runOnlyForDeploymentPostprocessing = 0;
		};
/* End PBXResourcesBuildPhase section */

/* Begin PBXSourcesBuildPhase section */
		DBC2346D2CECA096005795B4 /* Sources */ = {
			isa = PBXSourcesBuildPhase;
			buildActionMask = 2147483647;
			files = (
				DBC234C52CECADCD005795B4 /* GenericResponse.swift in Sources */,
				DBC234C12CECA9DF005795B4 /* API_Manager.swift in Sources */,
				DBC234CC2CECC235005795B4 /* AppButton.swift in Sources */,
				DBC234B32CECA18E005795B4 /* UserNameSearchView.swift in Sources */,
				DBC234A42CECA0A5005795B4 /* ContentView.swift in Sources */,
				DBC234C32CECAA34005795B4 /* AppUrl.swift in Sources */,
				DBC234BB2CECA3B1005795B4 /* GitHubSearchViewModel.swift in Sources */,
				DBC234CE2CECC452005795B4 /* UserDetailsView.swift in Sources */,
				DBC234BE2CECA627005795B4 /* GitHubEndPoints.swift in Sources */,
				DBC234CA2CECC05F005795B4 /* CustomSearchTF.swift in Sources */,
				DBC234B72CECA22F005795B4 /* UserModel.swift in Sources */,
				DBC234A52CECA0A5005795B4 /* GitHubUserSearchApp.swift in Sources */,
			);
			runOnlyForDeploymentPostprocessing = 0;
		};
		DBC2347D2CECA097005795B4 /* Sources */ = {
			isa = PBXSourcesBuildPhase;
			buildActionMask = 2147483647;
			files = (
				DBC234AA2CECA0AB005795B4 /* GitHubUserSearchTests.swift in Sources */,
			);
			runOnlyForDeploymentPostprocessing = 0;
		};
		DBC234872CECA097005795B4 /* Sources */ = {
			isa = PBXSourcesBuildPhase;
			buildActionMask = 2147483647;
			files = (
				DBC234AE2CECA0AF005795B4 /* GitHubUserSearchUITests.swift in Sources */,
				DBC234AF2CECA0AF005795B4 /* GitHubUserSearchUITestsLaunchTests.swift in Sources */,
			);
			runOnlyForDeploymentPostprocessing = 0;
		};
/* End PBXSourcesBuildPhase section */

/* Begin PBXTargetDependency section */
		DBC234832CECA097005795B4 /* PBXTargetDependency */ = {
			isa = PBXTargetDependency;
			target = DBC234702CECA096005795B4 /* GitHubUserSearch */;
			targetProxy = DBC234822CECA097005795B4 /* PBXContainerItemProxy */;
		};
		DBC2348D2CECA097005795B4 /* PBXTargetDependency */ = {
			isa = PBXTargetDependency;
			target = DBC234702CECA096005795B4 /* GitHubUserSearch */;
			targetProxy = DBC2348C2CECA097005795B4 /* PBXContainerItemProxy */;
		};
/* End PBXTargetDependency section */

/* Begin XCBuildConfiguration section */
		DBC234932CECA097005795B4 /* Debug */ = {
			isa = XCBuildConfiguration;
			buildSettings = {
				ALWAYS_SEARCH_USER_PATHS = NO;
				ASSETCATALOG_COMPILER_GENERATE_SWIFT_ASSET_SYMBOL_EXTENSIONS = YES;
				CLANG_ANALYZER_NONNULL = YES;
				CLANG_ANALYZER_NUMBER_OBJECT_CONVERSION = YES_AGGRESSIVE;
				CLANG_CXX_LANGUAGE_STANDARD = "gnu++20";
				CLANG_ENABLE_MODULES = YES;
				CLANG_ENABLE_OBJC_ARC = YES;
				CLANG_ENABLE_OBJC_WEAK = YES;
				CLANG_WARN_BLOCK_CAPTURE_AUTORELEASING = YES;
				CLANG_WARN_BOOL_CONVERSION = YES;
				CLANG_WARN_COMMA = YES;
				CLANG_WARN_CONSTANT_CONVERSION = YES;
				CLANG_WARN_DEPRECATED_OBJC_IMPLEMENTATIONS = YES;
				CLANG_WARN_DIRECT_OBJC_ISA_USAGE = YES_ERROR;
				CLANG_WARN_DOCUMENTATION_COMMENTS = YES;
				CLANG_WARN_EMPTY_BODY = YES;
				CLANG_WARN_ENUM_CONVERSION = YES;
				CLANG_WARN_INFINITE_RECURSION = YES;
				CLANG_WARN_INT_CONVERSION = YES;
				CLANG_WARN_NON_LITERAL_NULL_CONVERSION = YES;
				CLANG_WARN_OBJC_IMPLICIT_RETAIN_SELF = YES;
				CLANG_WARN_OBJC_LITERAL_CONVERSION = YES;
				CLANG_WARN_OBJC_ROOT_CLASS = YES_ERROR;
				CLANG_WARN_QUOTED_INCLUDE_IN_FRAMEWORK_HEADER = YES;
				CLANG_WARN_RANGE_LOOP_ANALYSIS = YES;
				CLANG_WARN_STRICT_PROTOTYPES = YES;
				CLANG_WARN_SUSPICIOUS_MOVE = YES;
				CLANG_WARN_UNGUARDED_AVAILABILITY = YES_AGGRESSIVE;
				CLANG_WARN_UNREACHABLE_CODE = YES;
				CLANG_WARN__DUPLICATE_METHOD_MATCH = YES;
				COPY_PHASE_STRIP = NO;
				DEBUG_INFORMATION_FORMAT = dwarf;
				ENABLE_STRICT_OBJC_MSGSEND = YES;
				ENABLE_TESTABILITY = YES;
				ENABLE_USER_SCRIPT_SANDBOXING = YES;
				GCC_C_LANGUAGE_STANDARD = gnu17;
				GCC_DYNAMIC_NO_PIC = NO;
				GCC_NO_COMMON_BLOCKS = YES;
				GCC_OPTIMIZATION_LEVEL = 0;
				GCC_PREPROCESSOR_DEFINITIONS = (
					"DEBUG=1",
					"$(inherited)",
				);
				GCC_WARN_64_TO_32_BIT_CONVERSION = YES;
				GCC_WARN_ABOUT_RETURN_TYPE = YES_ERROR;
				GCC_WARN_UNDECLARED_SELECTOR = YES;
				GCC_WARN_UNINITIALIZED_AUTOS = YES_AGGRESSIVE;
				GCC_WARN_UNUSED_FUNCTION = YES;
				GCC_WARN_UNUSED_VARIABLE = YES;
				IPHONEOS_DEPLOYMENT_TARGET = 18.0;
				LOCALIZATION_PREFERS_STRING_CATALOGS = YES;
				MTL_ENABLE_DEBUG_INFO = INCLUDE_SOURCE;
				MTL_FAST_MATH = YES;
				ONLY_ACTIVE_ARCH = YES;
				SDKROOT = iphoneos;
				SWIFT_ACTIVE_COMPILATION_CONDITIONS = "DEBUG $(inherited)";
				SWIFT_OPTIMIZATION_LEVEL = "-Onone";
			};
			name = Debug;
		};
		DBC234942CECA097005795B4 /* Release */ = {
			isa = XCBuildConfiguration;
			buildSettings = {
				ALWAYS_SEARCH_USER_PATHS = NO;
				ASSETCATALOG_COMPILER_GENERATE_SWIFT_ASSET_SYMBOL_EXTENSIONS = YES;
				CLANG_ANALYZER_NONNULL = YES;
				CLANG_ANALYZER_NUMBER_OBJECT_CONVERSION = YES_AGGRESSIVE;
				CLANG_CXX_LANGUAGE_STANDARD = "gnu++20";
				CLANG_ENABLE_MODULES = YES;
				CLANG_ENABLE_OBJC_ARC = YES;
				CLANG_ENABLE_OBJC_WEAK = YES;
				CLANG_WARN_BLOCK_CAPTURE_AUTORELEASING = YES;
				CLANG_WARN_BOOL_CONVERSION = YES;
				CLANG_WARN_COMMA = YES;
				CLANG_WARN_CONSTANT_CONVERSION = YES;
				CLANG_WARN_DEPRECATED_OBJC_IMPLEMENTATIONS = YES;
				CLANG_WARN_DIRECT_OBJC_ISA_USAGE = YES_ERROR;
				CLANG_WARN_DOCUMENTATION_COMMENTS = YES;
				CLANG_WARN_EMPTY_BODY = YES;
				CLANG_WARN_ENUM_CONVERSION = YES;
				CLANG_WARN_INFINITE_RECURSION = YES;
				CLANG_WARN_INT_CONVERSION = YES;
				CLANG_WARN_NON_LITERAL_NULL_CONVERSION = YES;
				CLANG_WARN_OBJC_IMPLICIT_RETAIN_SELF = YES;
				CLANG_WARN_OBJC_LITERAL_CONVERSION = YES;
				CLANG_WARN_OBJC_ROOT_CLASS = YES_ERROR;
				CLANG_WARN_QUOTED_INCLUDE_IN_FRAMEWORK_HEADER = YES;
				CLANG_WARN_RANGE_LOOP_ANALYSIS = YES;
				CLANG_WARN_STRICT_PROTOTYPES = YES;
				CLANG_WARN_SUSPICIOUS_MOVE = YES;
				CLANG_WARN_UNGUARDED_AVAILABILITY = YES_AGGRESSIVE;
				CLANG_WARN_UNREACHABLE_CODE = YES;
				CLANG_WARN__DUPLICATE_METHOD_MATCH = YES;
				COPY_PHASE_STRIP = NO;
				DEBUG_INFORMATION_FORMAT = "dwarf-with-dsym";
				ENABLE_NS_ASSERTIONS = NO;
				ENABLE_STRICT_OBJC_MSGSEND = YES;
				ENABLE_USER_SCRIPT_SANDBOXING = YES;
				GCC_C_LANGUAGE_STANDARD = gnu17;
				GCC_NO_COMMON_BLOCKS = YES;
				GCC_WARN_64_TO_32_BIT_CONVERSION = YES;
				GCC_WARN_ABOUT_RETURN_TYPE = YES_ERROR;
				GCC_WARN_UNDECLARED_SELECTOR = YES;
				GCC_WARN_UNINITIALIZED_AUTOS = YES_AGGRESSIVE;
				GCC_WARN_UNUSED_FUNCTION = YES;
				GCC_WARN_UNUSED_VARIABLE = YES;
				IPHONEOS_DEPLOYMENT_TARGET = 18.0;
				LOCALIZATION_PREFERS_STRING_CATALOGS = YES;
				MTL_ENABLE_DEBUG_INFO = NO;
				MTL_FAST_MATH = YES;
				SDKROOT = iphoneos;
				SWIFT_COMPILATION_MODE = wholemodule;
				VALIDATE_PRODUCT = YES;
			};
			name = Release;
		};
		DBC234962CECA097005795B4 /* Debug */ = {
			isa = XCBuildConfiguration;
			buildSettings = {
				ASSETCATALOG_COMPILER_APPICON_NAME = AppIcon;
				ASSETCATALOG_COMPILER_GLOBAL_ACCENT_COLOR_NAME = AccentColor;
				CODE_SIGN_STYLE = Automatic;
				CURRENT_PROJECT_VERSION = 1;
				DEVELOPMENT_ASSET_PATHS = "\"GitHubUserSearch/Preview Content\"";
				DEVELOPMENT_TEAM = 49QJL3FTQK;
				ENABLE_PREVIEWS = YES;
				GENERATE_INFOPLIST_FILE = YES;
				INFOPLIST_KEY_UIApplicationSceneManifest_Generation = YES;
				INFOPLIST_KEY_UIApplicationSupportsIndirectInputEvents = YES;
				INFOPLIST_KEY_UILaunchScreen_Generation = YES;
				INFOPLIST_KEY_UISupportedInterfaceOrientations_iPad = "UIInterfaceOrientationPortrait UIInterfaceOrientationPortraitUpsideDown UIInterfaceOrientationLandscapeLeft UIInterfaceOrientationLandscapeRight";
				INFOPLIST_KEY_UISupportedInterfaceOrientations_iPhone = "UIInterfaceOrientationPortrait UIInterfaceOrientationLandscapeLeft UIInterfaceOrientationLandscapeRight";
				LD_RUNPATH_SEARCH_PATHS = (
					"$(inherited)",
					"@executable_path/Frameworks",
				);
				MARKETING_VERSION = 1.0;
				PRODUCT_BUNDLE_IDENTIFIER = codebuzz.GitHubUserSearch;
				PRODUCT_NAME = "$(TARGET_NAME)";
				SWIFT_EMIT_LOC_STRINGS = YES;
				SWIFT_VERSION = 5.0;
				TARGETED_DEVICE_FAMILY = "1,2";
			};
			name = Debug;
		};
		DBC234972CECA097005795B4 /* Release */ = {
			isa = XCBuildConfiguration;
			buildSettings = {
				ASSETCATALOG_COMPILER_APPICON_NAME = AppIcon;
				ASSETCATALOG_COMPILER_GLOBAL_ACCENT_COLOR_NAME = AccentColor;
				CODE_SIGN_STYLE = Automatic;
				CURRENT_PROJECT_VERSION = 1;
				DEVELOPMENT_ASSET_PATHS = "\"GitHubUserSearch/Preview Content\"";
				DEVELOPMENT_TEAM = 49QJL3FTQK;
				ENABLE_PREVIEWS = YES;
				GENERATE_INFOPLIST_FILE = YES;
				INFOPLIST_KEY_UIApplicationSceneManifest_Generation = YES;
				INFOPLIST_KEY_UIApplicationSupportsIndirectInputEvents = YES;
				INFOPLIST_KEY_UILaunchScreen_Generation = YES;
				INFOPLIST_KEY_UISupportedInterfaceOrientations_iPad = "UIInterfaceOrientationPortrait UIInterfaceOrientationPortraitUpsideDown UIInterfaceOrientationLandscapeLeft UIInterfaceOrientationLandscapeRight";
				INFOPLIST_KEY_UISupportedInterfaceOrientations_iPhone = "UIInterfaceOrientationPortrait UIInterfaceOrientationLandscapeLeft UIInterfaceOrientationLandscapeRight";
				LD_RUNPATH_SEARCH_PATHS = (
					"$(inherited)",
					"@executable_path/Frameworks",
				);
				MARKETING_VERSION = 1.0;
				PRODUCT_BUNDLE_IDENTIFIER = codebuzz.GitHubUserSearch;
				PRODUCT_NAME = "$(TARGET_NAME)";
				SWIFT_EMIT_LOC_STRINGS = YES;
				SWIFT_VERSION = 5.0;
				TARGETED_DEVICE_FAMILY = "1,2";
			};
			name = Release;
		};
		DBC234992CECA097005795B4 /* Debug */ = {
			isa = XCBuildConfiguration;
			buildSettings = {
				BUNDLE_LOADER = "$(TEST_HOST)";
				CODE_SIGN_STYLE = Automatic;
				CURRENT_PROJECT_VERSION = 1;
				DEVELOPMENT_TEAM = 49QJL3FTQK;
				GENERATE_INFOPLIST_FILE = YES;
				IPHONEOS_DEPLOYMENT_TARGET = 18.0;
				MARKETING_VERSION = 1.0;
				PRODUCT_BUNDLE_IDENTIFIER = codebuzz.GitHubUserSearchTests;
				PRODUCT_NAME = "$(TARGET_NAME)";
				SWIFT_EMIT_LOC_STRINGS = NO;
				SWIFT_VERSION = 5.0;
				TARGETED_DEVICE_FAMILY = "1,2";
				TEST_HOST = "$(BUILT_PRODUCTS_DIR)/GitHubUserSearch.app/$(BUNDLE_EXECUTABLE_FOLDER_PATH)/GitHubUserSearch";
			};
			name = Debug;
		};
		DBC2349A2CECA097005795B4 /* Release */ = {
			isa = XCBuildConfiguration;
			buildSettings = {
				BUNDLE_LOADER = "$(TEST_HOST)";
				CODE_SIGN_STYLE = Automatic;
				CURRENT_PROJECT_VERSION = 1;
				DEVELOPMENT_TEAM = 49QJL3FTQK;
				GENERATE_INFOPLIST_FILE = YES;
				IPHONEOS_DEPLOYMENT_TARGET = 18.0;
				MARKETING_VERSION = 1.0;
				PRODUCT_BUNDLE_IDENTIFIER = codebuzz.GitHubUserSearchTests;
				PRODUCT_NAME = "$(TARGET_NAME)";
				SWIFT_EMIT_LOC_STRINGS = NO;
				SWIFT_VERSION = 5.0;
				TARGETED_DEVICE_FAMILY = "1,2";
				TEST_HOST = "$(BUILT_PRODUCTS_DIR)/GitHubUserSearch.app/$(BUNDLE_EXECUTABLE_FOLDER_PATH)/GitHubUserSearch";
			};
			name = Release;
		};
		DBC2349C2CECA097005795B4 /* Debug */ = {
			isa = XCBuildConfiguration;
			buildSettings = {
				CODE_SIGN_STYLE = Automatic;
				CURRENT_PROJECT_VERSION = 1;
				DEVELOPMENT_TEAM = 49QJL3FTQK;
				GENERATE_INFOPLIST_FILE = YES;
				MARKETING_VERSION = 1.0;
				PRODUCT_BUNDLE_IDENTIFIER = codebuzz.GitHubUserSearchUITests;
				PRODUCT_NAME = "$(TARGET_NAME)";
				SWIFT_EMIT_LOC_STRINGS = NO;
				SWIFT_VERSION = 5.0;
				TARGETED_DEVICE_FAMILY = "1,2";
				TEST_TARGET_NAME = GitHubUserSearch;
			};
			name = Debug;
		};
		DBC2349D2CECA097005795B4 /* Release */ = {
			isa = XCBuildConfiguration;
			buildSettings = {
				CODE_SIGN_STYLE = Automatic;
				CURRENT_PROJECT_VERSION = 1;
				DEVELOPMENT_TEAM = 49QJL3FTQK;
				GENERATE_INFOPLIST_FILE = YES;
				MARKETING_VERSION = 1.0;
				PRODUCT_BUNDLE_IDENTIFIER = codebuzz.GitHubUserSearchUITests;
				PRODUCT_NAME = "$(TARGET_NAME)";
				SWIFT_EMIT_LOC_STRINGS = NO;
				SWIFT_VERSION = 5.0;
				TARGETED_DEVICE_FAMILY = "1,2";
				TEST_TARGET_NAME = GitHubUserSearch;
			};
			name = Release;
		};
/* End XCBuildConfiguration section */

/* Begin XCConfigurationList section */
		DBC2346C2CECA096005795B4 /* Build configuration list for PBXProject "GitHubUserSearch" */ = {
			isa = XCConfigurationList;
			buildConfigurations = (
				DBC234932CECA097005795B4 /* Debug */,
				DBC234942CECA097005795B4 /* Release */,
			);
			defaultConfigurationIsVisible = 0;
			defaultConfigurationName = Release;
		};
		DBC234952CECA097005795B4 /* Build configuration list for PBXNativeTarget "GitHubUserSearch" */ = {
			isa = XCConfigurationList;
			buildConfigurations = (
				DBC234962CECA097005795B4 /* Debug */,
				DBC234972CECA097005795B4 /* Release */,
			);
			defaultConfigurationIsVisible = 0;
			defaultConfigurationName = Release;
		};
		DBC234982CECA097005795B4 /* Build configuration list for PBXNativeTarget "GitHubUserSearchTests" */ = {
			isa = XCConfigurationList;
			buildConfigurations = (
				DBC234992CECA097005795B4 /* Debug */,
				DBC2349A2CECA097005795B4 /* Release */,
			);
			defaultConfigurationIsVisible = 0;
			defaultConfigurationName = Release;
		};
		DBC2349B2CECA097005795B4 /* Build configuration list for PBXNativeTarget "GitHubUserSearchUITests" */ = {
			isa = XCConfigurationList;
			buildConfigurations = (
				DBC2349C2CECA097005795B4 /* Debug */,
				DBC2349D2CECA097005795B4 /* Release */,
			);
			defaultConfigurationIsVisible = 0;
			defaultConfigurationName = Release;
		};
/* End XCConfigurationList section */
	};
	rootObject = DBC234692CECA096005795B4 /* Project object */;
}
